
Microsoft Visual Studio Solution File, Format Version 12.00
# Visual Studio 15
VisualStudioVersion = 15.0.28307.271
MinimumVisualStudioVersion = 10.0.40219.1
Project("{8BC9CEB8-8B4A-11D0-8D11-00A0C91BC942}") = "01_01_HelloWorld", "01_01_HelloWorld\01_01_HelloWorld.vcxproj", "{B12702AD-ABFB-343A-A199-8E24837244A3}"
EndProject
Project("{8BC9CEB8-8B4A-11D0-8D11-00A0C91BC942}") = "02_01_Window_Widget", "02_01_Window_Widget\02_01_Window_Widget.vcxproj", "{B136D6E9-47C0-4BD7-8DF7-2AD368F67237}"
EndProject
Project("{8BC9CEB8-8B4A-11D0-8D11-00A0C91BC942}") = "02_02_QWidget", "02_02_QWidget\02_02_QWidget.vcxproj", "{BC950BF6-17F3-41B6-B22C-3A8EFA7A902C}"
EndProject
Project("{8BC9CEB8-8B4A-11D0-8D11-00A0C91BC942}") = "02_03_Signal_Slots_01", "02_03_Signal_Slots_01\02_03_Signal_Slots_01.vcxproj", "{6AF25358-0C9A-411E-8C0A-CF8545C0674B}"
EndProject
Project("{8BC9CEB8-8B4A-11D0-8D11-00A0C91BC942}") = "02_03_Signal_Slots_02", "02_03_Signal_Slots_02\02_03_Signal_Slots_02.vcxproj", "{6AB811C3-45FC-4A85-AF05-88AFB15045AA}"
EndProject
Project("{2150E333-8FDC-42A3-9474-1A3956D46DE8}") = "01", "01", "{92C28CF3-2A8B-4484-80CE-7BE91C13594E}"
EndProject
Project("{2150E333-8FDC-42A3-9474-1A3956D46DE8}") = "02", "02", "{C510F74A-084D-4B81-8B74-FC05878156D8}"
EndProject
Project("{8BC9CEB8-8B4A-11D0-8D11-00A0C91BC942}") = "02_03_Signal_Slots_03", "02_03_Signal_Slots_03\02_03_Signal_Slots_03.vcxproj", "{B8F8D152-538B-48B3-9ED4-C3C597089527}"
EndProject
Project("{8BC9CEB8-8B4A-11D0-8D11-00A0C91BC942}") = "02_04_QDialog", "02_04_QDialog\02_04_QDialog.vcxproj", "{C0C91012-E564-43D1-A426-DBC9F7913169}"
EndProject
Project("{8BC9CEB8-8B4A-11D0-8D11-00A0C91BC942}") = "02_05_Standard_Dialogs", "02_05_Standard_Dialogs\02_05_Standard_Dialogs.vcxproj", "{22B71D37-2A64-4E18-BC5E-D9FFCF058BD7}"
EndProject
Global
	GlobalSection(SolutionConfigurationPlatforms) = preSolution
		Debug|x86 = Debug|x86
		Release|x86 = Release|x86
	EndGlobalSection
	GlobalSection(ProjectConfigurationPlatforms) = postSolution
		{B12702AD-ABFB-343A-A199-8E24837244A3}.Debug|x86.ActiveCfg = Debug|Win32
		{B12702AD-ABFB-343A-A199-8E24837244A3}.Debug|x86.Build.0 = Debug|Win32
		{B12702AD-ABFB-343A-A199-8E24837244A3}.Release|x86.ActiveCfg = Release|Win32
		{B12702AD-ABFB-343A-A199-8E24837244A3}.Release|x86.Build.0 = Release|Win32
		{B136D6E9-47C0-4BD7-8DF7-2AD368F67237}.Debug|x86.ActiveCfg = Debug|Win32
		{B136D6E9-47C0-4BD7-8DF7-2AD368F67237}.Debug|x86.Build.0 = Debug|Win32
		{B136D6E9-47C0-4BD7-8DF7-2AD368F67237}.Release|x86.ActiveCfg = Release|Win32
		{B136D6E9-47C0-4BD7-8DF7-2AD368F67237}.Release|x86.Build.0 = Release|Win32
		{BC950BF6-17F3-41B6-B22C-3A8EFA7A902C}.Debug|x86.ActiveCfg = Debug|Win32
		{BC950BF6-17F3-41B6-B22C-3A8EFA7A902C}.Debug|x86.Build.0 = Debug|Win32
		{BC950BF6-17F3-41B6-B22C-3A8EFA7A902C}.Release|x86.ActiveCfg = Release|Win32
		{BC950BF6-17F3-41B6-B22C-3A8EFA7A902C}.Release|x86.Build.0 = Release|Win32
		{6AF25358-0C9A-411E-8C0A-CF8545C0674B}.Debug|x86.ActiveCfg = Debug|Win32
		{6AF25358-0C9A-411E-8C0A-CF8545C0674B}.Debug|x86.Build.0 = Debug|Win32
		{6AF25358-0C9A-411E-8C0A-CF8545C0674B}.Release|x86.ActiveCfg = Release|Win32
		{6AF25358-0C9A-411E-8C0A-CF8545C0674B}.Release|x86.Build.0 = Release|Win32
		{6AB811C3-45FC-4A85-AF05-88AFB15045AA}.Debug|x86.ActiveCfg = Debug|Win32
		{6AB811C3-45FC-4A85-AF05-88AFB15045AA}.Debug|x86.Build.0 = Debug|Win32
		{6AB811C3-45FC-4A85-AF05-88AFB15045AA}.Release|x86.ActiveCfg = Release|Win32
		{6AB811C3-45FC-4A85-AF05-88AFB15045AA}.Release|x86.Build.0 = Release|Win32
		{B8F8D152-538B-48B3-9ED4-C3C597089527}.Debug|x86.ActiveCfg = Debug|Win32
		{B8F8D152-538B-48B3-9ED4-C3C597089527}.Debug|x86.Build.0 = Debug|Win32
		{B8F8D152-538B-48B3-9ED4-C3C597089527}.Release|x86.ActiveCfg = Release|Win32
		{B8F8D152-538B-48B3-9ED4-C3C597089527}.Release|x86.Build.0 = Release|Win32
		{C0C91012-E564-43D1-A426-DBC9F7913169}.Debug|x86.ActiveCfg = Debug|Win32
		{C0C91012-E564-43D1-A426-DBC9F7913169}.Debug|x86.Build.0 = Debug|Win32
		{C0C91012-E564-43D1-A426-DBC9F7913169}.Release|x86.ActiveCfg = Release|Win32
		{C0C91012-E564-43D1-A426-DBC9F7913169}.Release|x86.Build.0 = Release|Win32
		{22B71D37-2A64-4E18-BC5E-D9FFCF058BD7}.Debug|x86.ActiveCfg = Debug|Win32
		{22B71D37-2A64-4E18-BC5E-D9FFCF058BD7}.Debug|x86.Build.0 = Debug|Win32
		{22B71D37-2A64-4E18-BC5E-D9FFCF058BD7}.Release|x86.ActiveCfg = Release|Win32
		{22B71D37-2A64-4E18-BC5E-D9FFCF058BD7}.Release|x86.Build.0 = Release|Win32
	EndGlobalSection
	GlobalSection(SolutionProperties) = preSolution
		HideSolutionNode = FALSE
	EndGlobalSection
	GlobalSection(NestedProjects) = preSolution
		{B12702AD-ABFB-343A-A199-8E24837244A3} = {92C28CF3-2A8B-4484-80CE-7BE91C13594E}
		{B136D6E9-47C0-4BD7-8DF7-2AD368F67237} = {C510F74A-084D-4B81-8B74-FC05878156D8}
		{BC950BF6-17F3-41B6-B22C-3A8EFA7A902C} = {C510F74A-084D-4B81-8B74-FC05878156D8}
		{6AF25358-0C9A-411E-8C0A-CF8545C0674B} = {C510F74A-084D-4B81-8B74-FC05878156D8}
		{6AB811C3-45FC-4A85-AF05-88AFB15045AA} = {C510F74A-084D-4B81-8B74-FC05878156D8}
		{B8F8D152-538B-48B3-9ED4-C3C597089527} = {C510F74A-084D-4B81-8B74-FC05878156D8}
		{C0C91012-E564-43D1-A426-DBC9F7913169} = {C510F74A-084D-4B81-8B74-FC05878156D8}
		{22B71D37-2A64-4E18-BC5E-D9FFCF058BD7} = {C510F74A-084D-4B81-8B74-FC05878156D8}
	EndGlobalSection
	GlobalSection(ExtensibilityGlobals) = postSolution
		SolutionGuid = {71B77DE3-981B-460D-BCA0-C21F872BC681}
	EndGlobalSection
EndGlobal
